
Microsoft Visual Studio Solution File, Format Version 12.00
# Visual Studio Version 17
VisualStudioVersion = 17.4.33213.308
MinimumVisualStudioVersion = 10.0.40219.1
Project("{FAE04EC0-301F-11D3-BF4B-00C04F79EFBC}") = "GestionLibreria", "GestionLibreria\GestionLibreria.csproj", "{9FB5C59B-77D1-47E6-8DDF-E94E8D1F7F3A}"
EndProject
Global
	GlobalSection(SolutionConfigurationPlatforms) = preSolution
		Debug|Any CPU = Debug|Any CPU
		Release|Any CPU = Release|Any CPU
	EndGlobalSection
	GlobalSection(ProjectConfigurationPlatforms) = postSolution
		{9FB5C59B-77D1-47E6-8DDF-E94E8D1F7F3A}.Debug|Any CPU.ActiveCfg = Debug|Any CPU
		{9FB5C59B-77D1-47E6-8DDF-E94E8D1F7F3A}.Debug|Any CPU.Build.0 = Debug|Any CPU
		{9FB5C59B-77D1-47E6-8DDF-E94E8D1F7F3A}.Release|Any CPU.ActiveCfg = Release|Any CPU
		{9FB5C59B-77D1-47E6-8DDF-E94E8D1F7F3A}.Release|Any CPU.Build.0 = Release|Any CPU
	EndGlobalSection
	GlobalSection(SolutionProperties) = preSolution
		HideSolutionNode = FALSE
	EndGlobalSection
	GlobalSection(ExtensibilityGlobals) = postSolution
		SolutionGuid = {B8DD2D52-3B12-488A-A256-3B9DD88B4C05}
	EndGlobalSection
EndGlobal
